
Microsoft Visual Studio Solution File, Format Version 12.00
# Visual Studio Version 17
VisualStudioVersion = 17.8.34316.72
MinimumVisualStudioVersion = 10.0.40219.1
Project("{2150E333-8FDC-42A3-9474-1A3956D46DE8}") = "libraries", "libraries", "{7E11A155-A33E-4945-B596-97C30A8FE3D6}"
EndProject
Project("{9A19103F-16F7-4668-BE54-9A1E7A4F7556}") = "MinecraftPinger.Library", "libraries\MinecraftPinger\src\MinecraftPinger.Library\MinecraftPinger.Library.csproj", "{7E36B7EA-AB95-4D88-9C56-AF5D934DDB66}"
EndProject
Project("{2150E333-8FDC-42A3-9474-1A3956D46DE8}") = "src", "src", "{AD8F0C03-4CE1-4C35-A396-34FE336848EF}"
EndProject
Project("{2150E333-8FDC-42A3-9474-1A3956D46DE8}") = "4 - presentation", "4 - presentation", "{2AA5A275-EAED-4F7C-BA8D-2DE23CC6E326}"
EndProject
Project("{2150E333-8FDC-42A3-9474-1A3956D46DE8}") = "3 - application", "3 - application", "{CC16B7C1-C605-4FAA-9494-AA2435C4F845}"
EndProject
Project("{2150E333-8FDC-42A3-9474-1A3956D46DE8}") = "2 - domain", "2 - domain", "{042CA6B2-2245-4EAD-93D1-DA371AEECF87}"
EndProject
Project("{2150E333-8FDC-42A3-9474-1A3956D46DE8}") = "1 - common", "1 - common", "{44F2A57E-62E4-42B4-AB6C-67AF3A683404}"
EndProject
Project("{9A19103F-16F7-4668-BE54-9A1E7A4F7556}") = "MinecraftSpelunking.Presentation.WebServer", "src\4 - presentation\MinecraftSpelunking.Presentation.WebServer\MinecraftSpelunking.Presentation.WebServer.csproj", "{D63EF6B0-B011-44EE-9A5A-8E7308F0B5F3}"
EndProject
Project("{E53339B2-1760-4266-BCC7-CA923CBCF16C}") = "docker-compose", "docker-compose.dcproj", "{B1B2799B-0FD0-4238-8807-46952F7BC610}"
EndProject
Project("{9A19103F-16F7-4668-BE54-9A1E7A4F7556}") = "MinecraftSpelunking.Domain.Database.Common", "src\2 - domain\MinecraftSpelunking.Domain.Database.Common\MinecraftSpelunking.Domain.Database.Common.csproj", "{DBECBA35-DA82-44C3-B3B7-DF3BDFC1C876}"
EndProject
Project("{9A19103F-16F7-4668-BE54-9A1E7A4F7556}") = "MinecraftSpelunking.Domain.Database", "src\2 - domain\MinecraftSpelunking.Domain.Database\MinecraftSpelunking.Domain.Database.csproj", "{58029405-255B-442D-87D4-8FE798A676A4}"
EndProject
Project("{9A19103F-16F7-4668-BE54-9A1E7A4F7556}") = "MinecraftSpelunking.Domain.Identity.Common", "src\2 - domain\MinecraftSpelunking.Domain.Identity.Common\MinecraftSpelunking.Domain.Identity.Common.csproj", "{4219BF5B-7A7C-4C81-935A-23E36D4DF264}"
EndProject
Project("{9A19103F-16F7-4668-BE54-9A1E7A4F7556}") = "MinecraftSpelunking.Domain.Identity", "src\2 - domain\MinecraftSpelunking.Domain.Identity\MinecraftSpelunking.Domain.Identity.csproj", "{D9907C59-4FE0-4B7C-BD59-BE8D5AFF6474}"
EndProject
Project("{2150E333-8FDC-42A3-9474-1A3956D46DE8}") = "Solution Items", "Solution Items", "{93416208-0C83-4894-B2E6-2CD59BCEDBFA}"
	ProjectSection(SolutionItems) = preProject
		.gitignore = .gitignore
		Start.sh = Start.sh
	EndProjectSection
EndProject
Project("{9A19103F-16F7-4668-BE54-9A1E7A4F7556}") = "MinecraftSpelunking.Application.AspNetCore.Common", "src\3 - application\MinecraftSpelunking.Application.AspNetCore.Common\MinecraftSpelunking.Application.AspNetCore.Common.csproj", "{B8C006F1-D0ED-4A26-BE24-4E597BF06FF0}"
EndProject
Project("{9A19103F-16F7-4668-BE54-9A1E7A4F7556}") = "MinecraftSpelunking.Application.AspNetCore", "src\3 - application\MinecraftSpelunking.Application.AspNetCore\MinecraftSpelunking.Application.AspNetCore.csproj", "{13780D0C-2AFD-44C2-9728-228725BD7A95}"
EndProject
Project("{9A19103F-16F7-4668-BE54-9A1E7A4F7556}") = "MinecraftSpelunking.Application.Identity.Common", "src\3 - application\MinecraftSpelunking.Application.Identity.Common\MinecraftSpelunking.Application.Identity.Common.csproj", "{19322482-8BEB-40D5-B94B-FE565CE57F63}"
EndProject
Project("{9A19103F-16F7-4668-BE54-9A1E7A4F7556}") = "MinecraftSpelunking.Common.Database", "src\1 - common\MinecraftSpelunking.Common.Database\MinecraftSpelunking.Common.Database.csproj", "{54F27637-A35E-4C32-B63E-B263D819C582}"
EndProject
Project("{9A19103F-16F7-4668-BE54-9A1E7A4F7556}") = "MinecraftSpelunking.Application.Identity", "src\3 - application\MinecraftSpelunking.Application.Identity\MinecraftSpelunking.Application.Identity.csproj", "{ED2E19A4-822D-491C-A644-A581077F8CCF}"
EndProject
Project("{9A19103F-16F7-4668-BE54-9A1E7A4F7556}") = "MinecraftSpelunking.Common.Identity", "src\1 - common\MinecraftSpelunking.Common.Identity\MinecraftSpelunking.Common.Identity.csproj", "{AB69D1C0-FCCE-4418-BFE6-1AE9357B9473}"
EndProject
Project("{9A19103F-16F7-4668-BE54-9A1E7A4F7556}") = "MinecraftSpelunking.Domain.Minecraft", "src\2 - domain\MinecraftSpelunking.Domain.Minecraft\MinecraftSpelunking.Domain.Minecraft.csproj", "{67195E6C-121D-4893-BB21-D9B4CD815729}"
EndProject
Project("{9A19103F-16F7-4668-BE54-9A1E7A4F7556}") = "MinecraftSpelunking.Domain.Minecraft.Common", "src\2 - domain\MinecraftSpelunking.Domain.Minecraft.Common\MinecraftSpelunking.Domain.Minecraft.Common.csproj", "{95691EB2-1D08-4928-BBD5-3E455528FDD8}"
EndProject
Project("{9A19103F-16F7-4668-BE54-9A1E7A4F7556}") = "MinecraftSpelunking.Application.Database.Common", "src\3 - application\MinecraftSpelunking.Application.Database.Common\MinecraftSpelunking.Application.Database.Common.csproj", "{E30CF724-CC75-4EB1-B16B-3DC2464DBD0B}"
EndProject
Project("{9A19103F-16F7-4668-BE54-9A1E7A4F7556}") = "MinecraftSpelunking.Application.Database", "src\3 - application\MinecraftSpelunking.Application.Database\MinecraftSpelunking.Application.Database.csproj", "{CFE7EDFD-24EF-4ABC-9864-226BF76A1DFE}"
EndProject
Project("{9A19103F-16F7-4668-BE54-9A1E7A4F7556}") = "MinecraftSpelunking.Application.Minecraft", "src\3 - application\MinecraftSpelunking.Application.Minecraft\MinecraftSpelunking.Application.Minecraft.csproj", "{E7DF2F74-EF12-407C-8C36-859DFA951029}"
EndProject
Project("{9A19103F-16F7-4668-BE54-9A1E7A4F7556}") = "MinecraftSpelunking.Application.Minecraft.Common", "src\3 - application\MinecraftSpelunking.Application.Minecraft.Common\MinecraftSpelunking.Application.Minecraft.Common.csproj", "{C21ED12C-A4F8-49CA-82B8-B67070F9C7E6}"
EndProject
Project("{9A19103F-16F7-4668-BE54-9A1E7A4F7556}") = "MinecraftSpelunking.Common.Services", "src\1 - common\MinecraftSpelunking.Common.Services\MinecraftSpelunking.Common.Services.csproj", "{288FC2E7-2661-49F5-95F2-A2AE7A7BE3CD}"
EndProject
Project("{9A19103F-16F7-4668-BE54-9A1E7A4F7556}") = "MinecraftSpelunking.Domain.Common", "src\2 - domain\MinecraftSpelunking.Domain.Common\MinecraftSpelunking.Domain.Common.csproj", "{34C37A1E-74D6-424E-B0D5-756E69A266E6}"
EndProject
Project("{9A19103F-16F7-4668-BE54-9A1E7A4F7556}") = "MinecraftSpelunking.Application.Scanner", "src\3 - application\MinecraftSpelunking.Application.Scanner\MinecraftSpelunking.Application.Scanner.csproj", "{B6806771-007F-4D9A-AD89-50BB0410E829}"
EndProject
Project("{9A19103F-16F7-4668-BE54-9A1E7A4F7556}") = "MinecraftSpelunking.Presentation.Scanner", "src\4 - presentation\MinecraftSpelunking.Presentation.Scanner\MinecraftSpelunking.Presentation.Scanner.csproj", "{F23F2A71-A285-4118-BE64-4351E82DA631}"
EndProject
Project("{9A19103F-16F7-4668-BE54-9A1E7A4F7556}") = "MinecraftSpelunking.Presentation.Common", "src\4 - presentation\MinecraftSpelunking.Presentation.Common\MinecraftSpelunking.Presentation.Common.csproj", "{5F729EC1-A433-4B9C-8B0A-9384FE57AE7B}"
EndProject
Project("{9A19103F-16F7-4668-BE54-9A1E7A4F7556}") = "MinecraftSpelunking.Common", "src\1 - common\MinecraftSpelunking.Common\MinecraftSpelunking.Common.csproj", "{3300D7DF-53AF-4035-8467-0178BC3A04B5}"
EndProject
Global
	GlobalSection(SolutionConfigurationPlatforms) = preSolution
		Debug|Any CPU = Debug|Any CPU
		Release|Any CPU = Release|Any CPU
	EndGlobalSection
	GlobalSection(ProjectConfigurationPlatforms) = postSolution
		{7E36B7EA-AB95-4D88-9C56-AF5D934DDB66}.Debug|Any CPU.ActiveCfg = Debug|Any CPU
		{7E36B7EA-AB95-4D88-9C56-AF5D934DDB66}.Debug|Any CPU.Build.0 = Debug|Any CPU
		{7E36B7EA-AB95-4D88-9C56-AF5D934DDB66}.Release|Any CPU.ActiveCfg = Release|Any CPU
		{7E36B7EA-AB95-4D88-9C56-AF5D934DDB66}.Release|Any CPU.Build.0 = Release|Any CPU
		{D63EF6B0-B011-44EE-9A5A-8E7308F0B5F3}.Debug|Any CPU.ActiveCfg = Debug|Any CPU
		{D63EF6B0-B011-44EE-9A5A-8E7308F0B5F3}.Debug|Any CPU.Build.0 = Debug|Any CPU
		{D63EF6B0-B011-44EE-9A5A-8E7308F0B5F3}.Release|Any CPU.ActiveCfg = Release|Any CPU
		{D63EF6B0-B011-44EE-9A5A-8E7308F0B5F3}.Release|Any CPU.Build.0 = Release|Any CPU
		{B1B2799B-0FD0-4238-8807-46952F7BC610}.Debug|Any CPU.ActiveCfg = Debug|Any CPU
		{B1B2799B-0FD0-4238-8807-46952F7BC610}.Debug|Any CPU.Build.0 = Debug|Any CPU
		{B1B2799B-0FD0-4238-8807-46952F7BC610}.Release|Any CPU.ActiveCfg = Release|Any CPU
		{B1B2799B-0FD0-4238-8807-46952F7BC610}.Release|Any CPU.Build.0 = Release|Any CPU
		{DBECBA35-DA82-44C3-B3B7-DF3BDFC1C876}.Debug|Any CPU.ActiveCfg = Debug|Any CPU
		{DBECBA35-DA82-44C3-B3B7-DF3BDFC1C876}.Debug|Any CPU.Build.0 = Debug|Any CPU
		{DBECBA35-DA82-44C3-B3B7-DF3BDFC1C876}.Release|Any CPU.ActiveCfg = Release|Any CPU
		{DBECBA35-DA82-44C3-B3B7-DF3BDFC1C876}.Release|Any CPU.Build.0 = Release|Any CPU
		{58029405-255B-442D-87D4-8FE798A676A4}.Debug|Any CPU.ActiveCfg = Debug|Any CPU
		{58029405-255B-442D-87D4-8FE798A676A4}.Debug|Any CPU.Build.0 = Debug|Any CPU
		{58029405-255B-442D-87D4-8FE798A676A4}.Release|Any CPU.ActiveCfg = Release|Any CPU
		{58029405-255B-442D-87D4-8FE798A676A4}.Release|Any CPU.Build.0 = Release|Any CPU
		{4219BF5B-7A7C-4C81-935A-23E36D4DF264}.Debug|Any CPU.ActiveCfg = Debug|Any CPU
		{4219BF5B-7A7C-4C81-935A-23E36D4DF264}.Debug|Any CPU.Build.0 = Debug|Any CPU
		{4219BF5B-7A7C-4C81-935A-23E36D4DF264}.Release|Any CPU.ActiveCfg = Release|Any CPU
		{4219BF5B-7A7C-4C81-935A-23E36D4DF264}.Release|Any CPU.Build.0 = Release|Any CPU
		{D9907C59-4FE0-4B7C-BD59-BE8D5AFF6474}.Debug|Any CPU.ActiveCfg = Debug|Any CPU
		{D9907C59-4FE0-4B7C-BD59-BE8D5AFF6474}.Debug|Any CPU.Build.0 = Debug|Any CPU
		{D9907C59-4FE0-4B7C-BD59-BE8D5AFF6474}.Release|Any CPU.ActiveCfg = Release|Any CPU
		{D9907C59-4FE0-4B7C-BD59-BE8D5AFF6474}.Release|Any CPU.Build.0 = Release|Any CPU
		{B8C006F1-D0ED-4A26-BE24-4E597BF06FF0}.Debug|Any CPU.ActiveCfg = Debug|Any CPU
		{B8C006F1-D0ED-4A26-BE24-4E597BF06FF0}.Debug|Any CPU.Build.0 = Debug|Any CPU
		{B8C006F1-D0ED-4A26-BE24-4E597BF06FF0}.Release|Any CPU.ActiveCfg = Release|Any CPU
		{B8C006F1-D0ED-4A26-BE24-4E597BF06FF0}.Release|Any CPU.Build.0 = Release|Any CPU
		{13780D0C-2AFD-44C2-9728-228725BD7A95}.Debug|Any CPU.ActiveCfg = Debug|Any CPU
		{13780D0C-2AFD-44C2-9728-228725BD7A95}.Debug|Any CPU.Build.0 = Debug|Any CPU
		{13780D0C-2AFD-44C2-9728-228725BD7A95}.Release|Any CPU.ActiveCfg = Release|Any CPU
		{13780D0C-2AFD-44C2-9728-228725BD7A95}.Release|Any CPU.Build.0 = Release|Any CPU
		{19322482-8BEB-40D5-B94B-FE565CE57F63}.Debug|Any CPU.ActiveCfg = Debug|Any CPU
		{19322482-8BEB-40D5-B94B-FE565CE57F63}.Debug|Any CPU.Build.0 = Debug|Any CPU
		{19322482-8BEB-40D5-B94B-FE565CE57F63}.Release|Any CPU.ActiveCfg = Release|Any CPU
		{19322482-8BEB-40D5-B94B-FE565CE57F63}.Release|Any CPU.Build.0 = Release|Any CPU
		{54F27637-A35E-4C32-B63E-B263D819C582}.Debug|Any CPU.ActiveCfg = Debug|Any CPU
		{54F27637-A35E-4C32-B63E-B263D819C582}.Debug|Any CPU.Build.0 = Debug|Any CPU
		{54F27637-A35E-4C32-B63E-B263D819C582}.Release|Any CPU.ActiveCfg = Release|Any CPU
		{54F27637-A35E-4C32-B63E-B263D819C582}.Release|Any CPU.Build.0 = Release|Any CPU
		{ED2E19A4-822D-491C-A644-A581077F8CCF}.Debug|Any CPU.ActiveCfg = Debug|Any CPU
		{ED2E19A4-822D-491C-A644-A581077F8CCF}.Debug|Any CPU.Build.0 = Debug|Any CPU
		{ED2E19A4-822D-491C-A644-A581077F8CCF}.Release|Any CPU.ActiveCfg = Release|Any CPU
		{ED2E19A4-822D-491C-A644-A581077F8CCF}.Release|Any CPU.Build.0 = Release|Any CPU
		{AB69D1C0-FCCE-4418-BFE6-1AE9357B9473}.Debug|Any CPU.ActiveCfg = Debug|Any CPU
		{AB69D1C0-FCCE-4418-BFE6-1AE9357B9473}.Debug|Any CPU.Build.0 = Debug|Any CPU
		{AB69D1C0-FCCE-4418-BFE6-1AE9357B9473}.Release|Any CPU.ActiveCfg = Release|Any CPU
		{AB69D1C0-FCCE-4418-BFE6-1AE9357B9473}.Release|Any CPU.Build.0 = Release|Any CPU
		{67195E6C-121D-4893-BB21-D9B4CD815729}.Debug|Any CPU.ActiveCfg = Debug|Any CPU
		{67195E6C-121D-4893-BB21-D9B4CD815729}.Debug|Any CPU.Build.0 = Debug|Any CPU
		{67195E6C-121D-4893-BB21-D9B4CD815729}.Release|Any CPU.ActiveCfg = Release|Any CPU
		{67195E6C-121D-4893-BB21-D9B4CD815729}.Release|Any CPU.Build.0 = Release|Any CPU
		{95691EB2-1D08-4928-BBD5-3E455528FDD8}.Debug|Any CPU.ActiveCfg = Debug|Any CPU
		{95691EB2-1D08-4928-BBD5-3E455528FDD8}.Debug|Any CPU.Build.0 = Debug|Any CPU
		{95691EB2-1D08-4928-BBD5-3E455528FDD8}.Release|Any CPU.ActiveCfg = Release|Any CPU
		{95691EB2-1D08-4928-BBD5-3E455528FDD8}.Release|Any CPU.Build.0 = Release|Any CPU
		{E30CF724-CC75-4EB1-B16B-3DC2464DBD0B}.Debug|Any CPU.ActiveCfg = Debug|Any CPU
		{E30CF724-CC75-4EB1-B16B-3DC2464DBD0B}.Debug|Any CPU.Build.0 = Debug|Any CPU
		{E30CF724-CC75-4EB1-B16B-3DC2464DBD0B}.Release|Any CPU.ActiveCfg = Release|Any CPU
		{E30CF724-CC75-4EB1-B16B-3DC2464DBD0B}.Release|Any CPU.Build.0 = Release|Any CPU
		{CFE7EDFD-24EF-4ABC-9864-226BF76A1DFE}.Debug|Any CPU.ActiveCfg = Debug|Any CPU
		{CFE7EDFD-24EF-4ABC-9864-226BF76A1DFE}.Debug|Any CPU.Build.0 = Debug|Any CPU
		{CFE7EDFD-24EF-4ABC-9864-226BF76A1DFE}.Release|Any CPU.ActiveCfg = Release|Any CPU
		{CFE7EDFD-24EF-4ABC-9864-226BF76A1DFE}.Release|Any CPU.Build.0 = Release|Any CPU
		{E7DF2F74-EF12-407C-8C36-859DFA951029}.Debug|Any CPU.ActiveCfg = Debug|Any CPU
		{E7DF2F74-EF12-407C-8C36-859DFA951029}.Debug|Any CPU.Build.0 = Debug|Any CPU
		{E7DF2F74-EF12-407C-8C36-859DFA951029}.Release|Any CPU.ActiveCfg = Release|Any CPU
		{E7DF2F74-EF12-407C-8C36-859DFA951029}.Release|Any CPU.Build.0 = Release|Any CPU
		{C21ED12C-A4F8-49CA-82B8-B67070F9C7E6}.Debug|Any CPU.ActiveCfg = Debug|Any CPU
		{C21ED12C-A4F8-49CA-82B8-B67070F9C7E6}.Debug|Any CPU.Build.0 = Debug|Any CPU
		{C21ED12C-A4F8-49CA-82B8-B67070F9C7E6}.Release|Any CPU.ActiveCfg = Release|Any CPU
		{C21ED12C-A4F8-49CA-82B8-B67070F9C7E6}.Release|Any CPU.Build.0 = Release|Any CPU
		{288FC2E7-2661-49F5-95F2-A2AE7A7BE3CD}.Debug|Any CPU.ActiveCfg = Debug|Any CPU
		{288FC2E7-2661-49F5-95F2-A2AE7A7BE3CD}.Debug|Any CPU.Build.0 = Debug|Any CPU
		{288FC2E7-2661-49F5-95F2-A2AE7A7BE3CD}.Release|Any CPU.ActiveCfg = Release|Any CPU
		{288FC2E7-2661-49F5-95F2-A2AE7A7BE3CD}.Release|Any CPU.Build.0 = Release|Any CPU
		{34C37A1E-74D6-424E-B0D5-756E69A266E6}.Debug|Any CPU.ActiveCfg = Debug|Any CPU
		{34C37A1E-74D6-424E-B0D5-756E69A266E6}.Debug|Any CPU.Build.0 = Debug|Any CPU
		{34C37A1E-74D6-424E-B0D5-756E69A266E6}.Release|Any CPU.ActiveCfg = Release|Any CPU
		{34C37A1E-74D6-424E-B0D5-756E69A266E6}.Release|Any CPU.Build.0 = Release|Any CPU
		{B6806771-007F-4D9A-AD89-50BB0410E829}.Debug|Any CPU.ActiveCfg = Debug|Any CPU
		{B6806771-007F-4D9A-AD89-50BB0410E829}.Debug|Any CPU.Build.0 = Debug|Any CPU
		{B6806771-007F-4D9A-AD89-50BB0410E829}.Release|Any CPU.ActiveCfg = Release|Any CPU
		{B6806771-007F-4D9A-AD89-50BB0410E829}.Release|Any CPU.Build.0 = Release|Any CPU
		{F23F2A71-A285-4118-BE64-4351E82DA631}.Debug|Any CPU.ActiveCfg = Debug|Any CPU
		{F23F2A71-A285-4118-BE64-4351E82DA631}.Debug|Any CPU.Build.0 = Debug|Any CPU
		{F23F2A71-A285-4118-BE64-4351E82DA631}.Release|Any CPU.ActiveCfg = Release|Any CPU
		{F23F2A71-A285-4118-BE64-4351E82DA631}.Release|Any CPU.Build.0 = Release|Any CPU
		{5F729EC1-A433-4B9C-8B0A-9384FE57AE7B}.Debug|Any CPU.ActiveCfg = Debug|Any CPU
		{5F729EC1-A433-4B9C-8B0A-9384FE57AE7B}.Debug|Any CPU.Build.0 = Debug|Any CPU
		{5F729EC1-A433-4B9C-8B0A-9384FE57AE7B}.Release|Any CPU.ActiveCfg = Release|Any CPU
		{5F729EC1-A433-4B9C-8B0A-9384FE57AE7B}.Release|Any CPU.Build.0 = Release|Any CPU
		{3300D7DF-53AF-4035-8467-0178BC3A04B5}.Debug|Any CPU.ActiveCfg = Debug|Any CPU
		{3300D7DF-53AF-4035-8467-0178BC3A04B5}.Debug|Any CPU.Build.0 = Debug|Any CPU
		{3300D7DF-53AF-4035-8467-0178BC3A04B5}.Release|Any CPU.ActiveCfg = Release|Any CPU
		{3300D7DF-53AF-4035-8467-0178BC3A04B5}.Release|Any CPU.Build.0 = Release|Any CPU
	EndGlobalSection
	GlobalSection(SolutionProperties) = preSolution
		HideSolutionNode = FALSE
	EndGlobalSection
	GlobalSection(NestedProjects) = preSolution
		{7E36B7EA-AB95-4D88-9C56-AF5D934DDB66} = {7E11A155-A33E-4945-B596-97C30A8FE3D6}
		{2AA5A275-EAED-4F7C-BA8D-2DE23CC6E326} = {AD8F0C03-4CE1-4C35-A396-34FE336848EF}
		{CC16B7C1-C605-4FAA-9494-AA2435C4F845} = {AD8F0C03-4CE1-4C35-A396-34FE336848EF}
		{042CA6B2-2245-4EAD-93D1-DA371AEECF87} = {AD8F0C03-4CE1-4C35-A396-34FE336848EF}
		{44F2A57E-62E4-42B4-AB6C-67AF3A683404} = {AD8F0C03-4CE1-4C35-A396-34FE336848EF}
		{D63EF6B0-B011-44EE-9A5A-8E7308F0B5F3} = {2AA5A275-EAED-4F7C-BA8D-2DE23CC6E326}
		{DBECBA35-DA82-44C3-B3B7-DF3BDFC1C876} = {042CA6B2-2245-4EAD-93D1-DA371AEECF87}
		{58029405-255B-442D-87D4-8FE798A676A4} = {042CA6B2-2245-4EAD-93D1-DA371AEECF87}
		{4219BF5B-7A7C-4C81-935A-23E36D4DF264} = {042CA6B2-2245-4EAD-93D1-DA371AEECF87}
		{D9907C59-4FE0-4B7C-BD59-BE8D5AFF6474} = {042CA6B2-2245-4EAD-93D1-DA371AEECF87}
		{B8C006F1-D0ED-4A26-BE24-4E597BF06FF0} = {CC16B7C1-C605-4FAA-9494-AA2435C4F845}
		{13780D0C-2AFD-44C2-9728-228725BD7A95} = {CC16B7C1-C605-4FAA-9494-AA2435C4F845}
		{19322482-8BEB-40D5-B94B-FE565CE57F63} = {CC16B7C1-C605-4FAA-9494-AA2435C4F845}
		{54F27637-A35E-4C32-B63E-B263D819C582} = {44F2A57E-62E4-42B4-AB6C-67AF3A683404}
		{ED2E19A4-822D-491C-A644-A581077F8CCF} = {CC16B7C1-C605-4FAA-9494-AA2435C4F845}
		{AB69D1C0-FCCE-4418-BFE6-1AE9357B9473} = {44F2A57E-62E4-42B4-AB6C-67AF3A683404}
		{67195E6C-121D-4893-BB21-D9B4CD815729} = {042CA6B2-2245-4EAD-93D1-DA371AEECF87}
		{95691EB2-1D08-4928-BBD5-3E455528FDD8} = {042CA6B2-2245-4EAD-93D1-DA371AEECF87}
		{E30CF724-CC75-4EB1-B16B-3DC2464DBD0B} = {CC16B7C1-C605-4FAA-9494-AA2435C4F845}
		{CFE7EDFD-24EF-4ABC-9864-226BF76A1DFE} = {CC16B7C1-C605-4FAA-9494-AA2435C4F845}
		{E7DF2F74-EF12-407C-8C36-859DFA951029} = {CC16B7C1-C605-4FAA-9494-AA2435C4F845}
		{C21ED12C-A4F8-49CA-82B8-B67070F9C7E6} = {CC16B7C1-C605-4FAA-9494-AA2435C4F845}
		{288FC2E7-2661-49F5-95F2-A2AE7A7BE3CD} = {44F2A57E-62E4-42B4-AB6C-67AF3A683404}
		{34C37A1E-74D6-424E-B0D5-756E69A266E6} = {042CA6B2-2245-4EAD-93D1-DA371AEECF87}
		{B6806771-007F-4D9A-AD89-50BB0410E829} = {CC16B7C1-C605-4FAA-9494-AA2435C4F845}
		{F23F2A71-A285-4118-BE64-4351E82DA631} = {2AA5A275-EAED-4F7C-BA8D-2DE23CC6E326}
		{5F729EC1-A433-4B9C-8B0A-9384FE57AE7B} = {2AA5A275-EAED-4F7C-BA8D-2DE23CC6E326}
		{3300D7DF-53AF-4035-8467-0178BC3A04B5} = {44F2A57E-62E4-42B4-AB6C-67AF3A683404}
	EndGlobalSection
	GlobalSection(ExtensibilityGlobals) = postSolution
		SolutionGuid = {CEBCF35A-887C-46E6-8896-9EE090069DE8}
	EndGlobalSection
EndGlobal
